// !$*UTF8*$!
{
	archiveVersion = 1;
	classes = {
	};
	objectVersion = 46;
	objects = {

/* Begin PBXBuildFile section */
		AE79D7E11BE240EA003B5FD4 /* avp.cpp in Sources */ = {isa = PBXBuildFile; fileRef = AE79D7D61BE240EA003B5FD4 /* avp.cpp */; settings = {ASSET_TAGS = (); }; };
		AE79D7E21BE240EA003B5FD4 /* avputil.cpp in Sources */ = {isa = PBXBuildFile; fileRef = AE79D7D81BE240EA003B5FD4 /* avputil.cpp */; settings = {ASSET_TAGS = (); }; };
		AE79D7E31BE240EA003B5FD4 /* diameter.cpp in Sources */ = {isa = PBXBuildFile; fileRef = AE79D7DA1BE240EA003B5FD4 /* diameter.cpp */; settings = {ASSET_TAGS = (); }; };
		AE79D7E41BE240EA003B5FD4 /* entry.cpp in Sources */ = {isa = PBXBuildFile; fileRef = AE79D7DC1BE240EA003B5FD4 /* entry.cpp */; settings = {ASSET_TAGS = (); }; };
		AE79D7E51BE240EA003B5FD4 /* logic.cpp in Sources */ = {isa = PBXBuildFile; fileRef = AE79D7DE1BE240EA003B5FD4 /* logic.cpp */; settings = {ASSET_TAGS = (); }; };
		AE79D7E61BE240EA003B5FD4 /* main.cpp in Sources */ = {isa = PBXBuildFile; fileRef = AE79D7E01BE240EA003B5FD4 /* main.cpp */; settings = {ASSET_TAGS = (); }; };
/* End PBXBuildFile section */

/* Begin PBXCopyFilesBuildPhase section */
		AE79D7CA1BE240CF003B5FD4 /* CopyFiles */ = {
			isa = PBXCopyFilesBuildPhase;
			buildActionMask = 2147483647;
			dstPath = /usr/share/man/man1/;
			dstSubfolderSpec = 0;
			files = (
			);
			runOnlyForDeploymentPostprocessing = 1;
		};
/* End PBXCopyFilesBuildPhase section */

/* Begin PBXFileReference section */
		AE79D7CC1BE240CF003B5FD4 /* cs */ = {isa = PBXFileReference; explicitFileType = "compiled.mach-o.executable"; includeInIndex = 0; path = cs; sourceTree = BUILT_PRODUCTS_DIR; };
		AE79D7D61BE240EA003B5FD4 /* avp.cpp */ = {isa = PBXFileReference; fileEncoding = 4; lastKnownFileType = sourcecode.cpp.cpp; name = avp.cpp; path = ../../chargingsystem/diameter/avp.cpp; sourceTree = "<group>"; };
		AE79D7D71BE240EA003B5FD4 /* avp.h */ = {isa = PBXFileReference; fileEncoding = 4; lastKnownFileType = sourcecode.c.h; name = avp.h; path = ../../chargingsystem/diameter/avp.h; sourceTree = "<group>"; };
		AE79D7D81BE240EA003B5FD4 /* avputil.cpp */ = {isa = PBXFileReference; fileEncoding = 4; lastKnownFileType = sourcecode.cpp.cpp; name = avputil.cpp; path = ../../chargingsystem/diameter/avputil.cpp; sourceTree = "<group>"; };
		AE79D7D91BE240EA003B5FD4 /* avputil.h */ = {isa = PBXFileReference; fileEncoding = 4; lastKnownFileType = sourcecode.c.h; name = avputil.h; path = ../../chargingsystem/diameter/avputil.h; sourceTree = "<group>"; };
		AE79D7DA1BE240EA003B5FD4 /* diameter.cpp */ = {isa = PBXFileReference; fileEncoding = 4; lastKnownFileType = sourcecode.cpp.cpp; name = diameter.cpp; path = ../../chargingsystem/diameter/diameter.cpp; sourceTree = "<group>"; };
		AE79D7DB1BE240EA003B5FD4 /* diameter.h */ = {isa = PBXFileReference; fileEncoding = 4; lastKnownFileType = sourcecode.c.h; name = diameter.h; path = ../../chargingsystem/diameter/diameter.h; sourceTree = "<group>"; };
		AE79D7DC1BE240EA003B5FD4 /* entry.cpp */ = {isa = PBXFileReference; fileEncoding = 4; lastKnownFileType = sourcecode.cpp.cpp; name = entry.cpp; path = ../../chargingsystem/diameter/entry.cpp; sourceTree = "<group>"; };
		AE79D7DD1BE240EA003B5FD4 /* entry.h */ = {isa = PBXFileReference; fileEncoding = 4; lastKnownFileType = sourcecode.c.h; name = entry.h; path = ../../chargingsystem/diameter/entry.h; sourceTree = "<group>"; };
		AE79D7DE1BE240EA003B5FD4 /* logic.cpp */ = {isa = PBXFileReference; fileEncoding = 4; lastKnownFileType = sourcecode.cpp.cpp; name = logic.cpp; path = ../../chargingsystem/diameter/logic.cpp; sourceTree = "<group>"; };
		AE79D7DF1BE240EA003B5FD4 /* logic.h */ = {isa = PBXFileReference; fileEncoding = 4; lastKnownFileType = sourcecode.c.h; name = logic.h; path = ../../chargingsystem/diameter/logic.h; sourceTree = "<group>"; };
		AE79D7E01BE240EA003B5FD4 /* main.cpp */ = {isa = PBXFileReference; fileEncoding = 4; lastKnownFileType = sourcecode.cpp.cpp; name = main.cpp; path = ../../chargingsystem/diameter/main.cpp; sourceTree = "<group>"; };
/* End PBXFileReference section */

/* Begin PBXFrameworksBuildPhase section */
		AE79D7C91BE240CF003B5FD4 /* Frameworks */ = {
			isa = PBXFrameworksBuildPhase;
			buildActionMask = 2147483647;
			files = (
			);
			runOnlyForDeploymentPostprocessing = 0;
		};
/* End PBXFrameworksBuildPhase section */

/* Begin PBXGroup section */
		AE79D7C31BE240CF003B5FD4 = {
			isa = PBXGroup;
			children = (
				AE79D7CE1BE240CF003B5FD4 /* cs */,
				AE79D7CD1BE240CF003B5FD4 /* Products */,
			);
			sourceTree = "<group>";
		};
		AE79D7CD1BE240CF003B5FD4 /* Products */ = {
			isa = PBXGroup;
			children = (
				AE79D7CC1BE240CF003B5FD4 /* cs */,
			);
			name = Products;
			sourceTree = "<group>";
		};
		AE79D7CE1BE240CF003B5FD4 /* cs */ = {
			isa = PBXGroup;
			children = (
				AE79D7D61BE240EA003B5FD4 /* avp.cpp */,
				AE79D7D71BE240EA003B5FD4 /* avp.h */,
				AE79D7D81BE240EA003B5FD4 /* avputil.cpp */,
				AE79D7D91BE240EA003B5FD4 /* avputil.h */,
				AE79D7DA1BE240EA003B5FD4 /* diameter.cpp */,
				AE79D7DB1BE240EA003B5FD4 /* diameter.h */,
				AE79D7DC1BE240EA003B5FD4 /* entry.cpp */,
				AE79D7DD1BE240EA003B5FD4 /* entry.h */,
				AE79D7DE1BE240EA003B5FD4 /* logic.cpp */,
				AE79D7DF1BE240EA003B5FD4 /* logic.h */,
				AE79D7E01BE240EA003B5FD4 /* main.cpp */,
			);
			path = cs;
			sourceTree = "<group>";
		};
/* End PBXGroup section */

/* Begin PBXNativeTarget section */
		AE79D7CB1BE240CF003B5FD4 /* cs */ = {
			isa = PBXNativeTarget;
			buildConfigurationList = AE79D7D31BE240CF003B5FD4 /* Build configuration list for PBXNativeTarget "cs" */;
			buildPhases = (
				AE79D7C81BE240CF003B5FD4 /* Sources */,
				AE79D7C91BE240CF003B5FD4 /* Frameworks */,
				AE79D7CA1BE240CF003B5FD4 /* CopyFiles */,
			);
			buildRules = (
			);
			dependencies = (
			);
			name = cs;
			productName = cs;
			productReference = AE79D7CC1BE240CF003B5FD4 /* cs */;
			productType = "com.apple.product-type.tool";
		};
/* End PBXNativeTarget section */

/* Begin PBXProject section */
		AE79D7C41BE240CF003B5FD4 /* Project object */ = {
			isa = PBXProject;
			attributes = {
				LastUpgradeCheck = 0700;
				ORGANIZATIONNAME = hidayat;
				TargetAttributes = {
					AE79D7CB1BE240CF003B5FD4 = {
						CreatedOnToolsVersion = 7.0;
					};
				};
			};
			buildConfigurationList = AE79D7C71BE240CF003B5FD4 /* Build configuration list for PBXProject "cs" */;
			compatibilityVersion = "Xcode 3.2";
			developmentRegion = English;
			hasScannedForEncodings = 0;
			knownRegions = (
				en,
			);
			mainGroup = AE79D7C31BE240CF003B5FD4;
			productRefGroup = AE79D7CD1BE240CF003B5FD4 /* Products */;
			projectDirPath = "";
			projectRoot = "";
			targets = (
				AE79D7CB1BE240CF003B5FD4 /* cs */,
			);
		};
/* End PBXProject section */

/* Begin PBXSourcesBuildPhase section */
		AE79D7C81BE240CF003B5FD4 /* Sources */ = {
			isa = PBXSourcesBuildPhase;
			buildActionMask = 2147483647;
			files = (
				AE79D7E41BE240EA003B5FD4 /* entry.cpp in Sources */,
				AE79D7E31BE240EA003B5FD4 /* diameter.cpp in Sources */,
				AE79D7E11BE240EA003B5FD4 /* avp.cpp in Sources */,
				AE79D7E61BE240EA003B5FD4 /* main.cpp in Sources */,
				AE79D7E51BE240EA003B5FD4 /* logic.cpp in Sources */,
				AE79D7E21BE240EA003B5FD4 /* avputil.cpp in Sources */,
			);
			runOnlyForDeploymentPostprocessing = 0;
		};
/* End PBXSourcesBuildPhase section */

/* Begin XCBuildConfiguration section */
		AE79D7D11BE240CF003B5FD4 /* Debug */ = {
			isa = XCBuildConfiguration;
			buildSettings = {
				ALWAYS_SEARCH_USER_PATHS = NO;
				CLANG_CXX_LANGUAGE_STANDARD = "gnu++0x";
				CLANG_CXX_LIBRARY = "libc++";
				CLANG_ENABLE_MODULES = YES;
				CLANG_ENABLE_OBJC_ARC = YES;
				CLANG_WARN_BOOL_CONVERSION = YES;
				CLANG_WARN_CONSTANT_CONVERSION = YES;
				CLANG_WARN_DIRECT_OBJC_ISA_USAGE = YES_ERROR;
				CLANG_WARN_EMPTY_BODY = YES;
				CLANG_WARN_ENUM_CONVERSION = YES;
				CLANG_WARN_INT_CONVERSION = YES;
				CLANG_WARN_OBJC_ROOT_CLASS = YES_ERROR;
				CLANG_WARN_UNREACHABLE_CODE = YES;
				CLANG_WARN__DUPLICATE_METHOD_MATCH = YES;
				COPY_PHASE_STRIP = NO;
				DEBUG_INFORMATION_FORMAT = dwarf;
				ENABLE_STRICT_OBJC_MSGSEND = YES;
				ENABLE_TESTABILITY = YES;
				GCC_C_LANGUAGE_STANDARD = gnu99;
				GCC_DYNAMIC_NO_PIC = NO;
				GCC_NO_COMMON_BLOCKS = YES;
				GCC_OPTIMIZATION_LEVEL = 0;
				GCC_PREPROCESSOR_DEFINITIONS = (
					"DEBUG=1",
					"$(inherited)",
				);
				GCC_WARN_64_TO_32_BIT_CONVERSION = YES;
				GCC_WARN_ABOUT_RETURN_TYPE = YES_ERROR;
				GCC_WARN_UNDECLARED_SELECTOR = YES;
				GCC_WARN_UNINITIALIZED_AUTOS = YES_AGGRESSIVE;
				GCC_WARN_UNUSED_FUNCTION = YES;
				GCC_WARN_UNUSED_VARIABLE = YES;
				MACOSX_DEPLOYMENT_TARGET = 10.11;
				MTL_ENABLE_DEBUG_INFO = YES;
				ONLY_ACTIVE_ARCH = YES;
				SDKROOT = macosx;
			};
			name = Debug;
		};
		AE79D7D21BE240CF003B5FD4 /* Release */ = {
			isa = XCBuildConfiguration;
			buildSettings = {
				ALWAYS_SEARCH_USER_PATHS = NO;
				CLANG_CXX_LANGUAGE_STANDARD = "gnu++0x";
				CLANG_CXX_LIBRARY = "libc++";
				CLANG_ENABLE_MODULES = YES;
				CLANG_ENABLE_OBJC_ARC = YES;
				CLANG_WARN_BOOL_CONVERSION = YES;
				CLANG_WARN_CONSTANT_CONVERSION = YES;
				CLANG_WARN_DIRECT_OBJC_ISA_USAGE = YES_ERROR;
				CLANG_WARN_EMPTY_BODY = YES;
				CLANG_WARN_ENUM_CONVERSION = YES;
				CLANG_WARN_INT_CONVERSION = YES;
				CLANG_WARN_OBJC_ROOT_CLASS = YES_ERROR;
				CLANG_WARN_UNREACHABLE_CODE = YES;
				CLANG_WARN__DUPLICATE_METHOD_MATCH = YES;
				COPY_PHASE_STRIP = NO;
				DEBUG_INFORMATION_FORMAT = "dwarf-with-dsym";
				ENABLE_NS_ASSERTIONS = NO;
				ENABLE_STRICT_OBJC_MSGSEND = YES;
				GCC_C_LANGUAGE_STANDARD = gnu99;
				GCC_NO_COMMON_BLOCKS = YES;
				GCC_WARN_64_TO_32_BIT_CONVERSION = YES;
				GCC_WARN_ABOUT_RETURN_TYPE = YES_ERROR;
				GCC_WARN_UNDECLARED_SELECTOR = YES;
				GCC_WARN_UNINITIALIZED_AUTOS = YES_AGGRESSIVE;
				GCC_WARN_UNUSED_FUNCTION = YES;
				GCC_WARN_UNUSED_VARIABLE = YES;
				MACOSX_DEPLOYMENT_TARGET = 10.11;
				MTL_ENABLE_DEBUG_INFO = NO;
				SDKROOT = macosx;
			};
			name = Release;
		};
		AE79D7D41BE240CF003B5FD4 /* Debug */ = {
			isa = XCBuildConfiguration;
			buildSettings = {
				HEADER_SEARCH_PATHS = /usr/local/include;
				LIBRARY_SEARCH_PATHS = /usr/local/lib;
				OTHER_LDFLAGS = "-lrocksdb";
				PRODUCT_NAME = "$(TARGET_NAME)";
			};
			name = Debug;
		};
		AE79D7D51BE240CF003B5FD4 /* Release */ = {
			isa = XCBuildConfiguration;
			buildSettings = {
				HEADER_SEARCH_PATHS = /usr/local/include;
				LIBRARY_SEARCH_PATHS = /usr/local/lib;
				OTHER_LDFLAGS = "-lrocksdb";
				PRODUCT_NAME = "$(TARGET_NAME)";
			};
			name = Release;
		};
/* End XCBuildConfiguration section */

/* Begin XCConfigurationList section */
		AE79D7C71BE240CF003B5FD4 /* Build configuration list for PBXProject "cs" */ = {
			isa = XCConfigurationList;
			buildConfigurations = (
				AE79D7D11BE240CF003B5FD4 /* Debug */,
				AE79D7D21BE240CF003B5FD4 /* Release */,
			);
			defaultConfigurationIsVisible = 0;
			defaultConfigurationName = Release;
		};
		AE79D7D31BE240CF003B5FD4 /* Build configuration list for PBXNativeTarget "cs" */ = {
			isa = XCConfigurationList;
			buildConfigurations = (
				AE79D7D41BE240CF003B5FD4 /* Debug */,
				AE79D7D51BE240CF003B5FD4 /* Release */,
			);
			defaultConfigurationIsVisible = 0;
		};
/* End XCConfigurationList section */
	};
	rootObject = AE79D7C41BE240CF003B5FD4 /* Project object */;
}
